// !$*UTF8*$!
{
	archiveVersion = 1;
	classes = {
	};
	objectVersion = 46;
	objects = {

/* Begin PBXBuildFile section */
		9BD5A8C46E58A900A559B527 /* Pods_Sokol.framework in Frameworks */ = {isa = PBXBuildFile; fileRef = 7825C63399156668CC733094 /* Pods_Sokol.framework */; };
		B52A675C1D10CA3A0062980F /* ProfileTableViewCell.swift in Sources */ = {isa = PBXBuildFile; fileRef = B52A675B1D10CA3A0062980F /* ProfileTableViewCell.swift */; };
		B52A675E1D10EC1C0062980F /* ProfileImageTableViewCell.swift in Sources */ = {isa = PBXBuildFile; fileRef = B52A675D1D10EC1C0062980F /* ProfileImageTableViewCell.swift */; };
		B56A73FA1D0B908F00DF1F9B /* FBSDKCoreKit.framework in Frameworks */ = {isa = PBXBuildFile; fileRef = B56A73F71D0B908F00DF1F9B /* FBSDKCoreKit.framework */; };
		B56A73FB1D0B908F00DF1F9B /* FBSDKCoreKit.framework in Frameworks */ = {isa = PBXBuildFile; fileRef = B56A73F71D0B908F00DF1F9B /* FBSDKCoreKit.framework */; };
		B56A73FC1D0B908F00DF1F9B /* FBSDKLoginKit.framework in Frameworks */ = {isa = PBXBuildFile; fileRef = B56A73F81D0B908F00DF1F9B /* FBSDKLoginKit.framework */; };
		B56A73FD1D0B908F00DF1F9B /* FBSDKLoginKit.framework in Frameworks */ = {isa = PBXBuildFile; fileRef = B56A73F81D0B908F00DF1F9B /* FBSDKLoginKit.framework */; };
		B56A73FE1D0B908F00DF1F9B /* FBSDKShareKit.framework in Frameworks */ = {isa = PBXBuildFile; fileRef = B56A73F91D0B908F00DF1F9B /* FBSDKShareKit.framework */; };
		B56A73FF1D0B908F00DF1F9B /* FBSDKShareKit.framework in Frameworks */ = {isa = PBXBuildFile; fileRef = B56A73F91D0B908F00DF1F9B /* FBSDKShareKit.framework */; };
		B56DF7971D1B2123002DB22A /* TwitterThoughtsTableViewController.swift in Sources */ = {isa = PBXBuildFile; fileRef = B56DF7961D1B2123002DB22A /* TwitterThoughtsTableViewController.swift */; };
		B57714EC1D0272470020E856 /* AppDelegate.swift in Sources */ = {isa = PBXBuildFile; fileRef = B57714EB1D0272470020E856 /* AppDelegate.swift */; };
		B57714EE1D0272470020E856 /* ViewController.swift in Sources */ = {isa = PBXBuildFile; fileRef = B57714ED1D0272470020E856 /* ViewController.swift */; };
		B57714F11D0272470020E856 /* Main.storyboard in Resources */ = {isa = PBXBuildFile; fileRef = B57714EF1D0272470020E856 /* Main.storyboard */; };
		B57714F31D0272470020E856 /* Assets.xcassets in Resources */ = {isa = PBXBuildFile; fileRef = B57714F21D0272470020E856 /* Assets.xcassets */; };
		B57714F61D0272470020E856 /* LaunchScreen.storyboard in Resources */ = {isa = PBXBuildFile; fileRef = B57714F41D0272470020E856 /* LaunchScreen.storyboard */; };
		B57715011D0272470020E856 /* SokolTests.swift in Sources */ = {isa = PBXBuildFile; fileRef = B57715001D0272470020E856 /* SokolTests.swift */; };
		B577CF301D332E70004FA827 /* RouteModifierViewController.swift in Sources */ = {isa = PBXBuildFile; fileRef = B577CF2F1D332E70004FA827 /* RouteModifierViewController.swift */; };
		B58E4E3C1D1376DC00D5527A /* ContainerViewController.swift in Sources */ = {isa = PBXBuildFile; fileRef = B58E4E3B1D1376DC00D5527A /* ContainerViewController.swift */; };
		B58E4E3E1D13799800D5527A /* LeftMenuTableViewController.swift in Sources */ = {isa = PBXBuildFile; fileRef = B58E4E3D1D13799800D5527A /* LeftMenuTableViewController.swift */; };
		B58E4E401D13B13B00D5527A /* LeftMenuTableViewCell.swift in Sources */ = {isa = PBXBuildFile; fileRef = B58E4E3F1D13B13B00D5527A /* LeftMenuTableViewCell.swift */; };
		B5A3C6EE1D297BC3009DBF2E /* MapKit.framework in Frameworks */ = {isa = PBXBuildFile; fileRef = B5A3C6ED1D297BC3009DBF2E /* MapKit.framework */; };
		B5A3C6F01D297E90009DBF2E /* RouteCreatorViewController.swift in Sources */ = {isa = PBXBuildFile; fileRef = B5A3C6EF1D297E90009DBF2E /* RouteCreatorViewController.swift */; };
		B5A3C6F21D29BCBD009DBF2E /* SokolAnnotation.swift in Sources */ = {isa = PBXBuildFile; fileRef = B5A3C6F11D29BCBD009DBF2E /* SokolAnnotation.swift */; };
		B5A3C6F41D2AD6D3009DBF2E /* RouteTableViewCell.swift in Sources */ = {isa = PBXBuildFile; fileRef = B5A3C6F31D2AD6D3009DBF2E /* RouteTableViewCell.swift */; };
		B5A3C6F61D2ADDA7009DBF2E /* Route.swift in Sources */ = {isa = PBXBuildFile; fileRef = B5A3C6F51D2ADDA7009DBF2E /* Route.swift */; };
		B5A3C6F81D2B4499009DBF2E /* HeaderTableViewCell.swift in Sources */ = {isa = PBXBuildFile; fileRef = B5A3C6F71D2B4499009DBF2E /* HeaderTableViewCell.swift */; };
		B5A3C6FA1D2B44B9009DBF2E /* PointTableViewCell.swift in Sources */ = {isa = PBXBuildFile; fileRef = B5A3C6F91D2B44B9009DBF2E /* PointTableViewCell.swift */; };
		B5A3C6FC1D2B4730009DBF2E /* DetailRouteTableViewController.swift in Sources */ = {isa = PBXBuildFile; fileRef = B5A3C6FB1D2B4730009DBF2E /* DetailRouteTableViewController.swift */; };
		B5B9F8BA1D1E1B110055287C /* FacebookFriendsCollectionViewController.swift in Sources */ = {isa = PBXBuildFile; fileRef = B5B9F8B91D1E1B110055287C /* FacebookFriendsCollectionViewController.swift */; };
		B5B9F8BC1D1E1B710055287C /* FacebookFriendsCollectionViewCell.swift in Sources */ = {isa = PBXBuildFile; fileRef = B5B9F8BB1D1E1B710055287C /* FacebookFriendsCollectionViewCell.swift */; };
		B5B9F8BE1D1E343F0055287C /* FacebookCellViewController.swift in Sources */ = {isa = PBXBuildFile; fileRef = B5B9F8BD1D1E343F0055287C /* FacebookCellViewController.swift */; };
		B5C06F5D1D19A0FF0090AAE9 /* GoogleService-Info.plist in Resources */ = {isa = PBXBuildFile; fileRef = B5C06F5C1D19A0FF0090AAE9 /* GoogleService-Info.plist */; };
		B5C1FBF01D10557500BA9104 /* Utilities.swift in Sources */ = {isa = PBXBuildFile; fileRef = B5C1FBEF1D10557500BA9104 /* Utilities.swift */; };
		B5C1FBF21D1069AA00BA9104 /* Constants.swift in Sources */ = {isa = PBXBuildFile; fileRef = B5C1FBF11D1069AA00BA9104 /* Constants.swift */; };
		B5C1FBF51D1082F600BA9104 /* Home.storyboard in Resources */ = {isa = PBXBuildFile; fileRef = B5C1FBF31D1082F600BA9104 /* Home.storyboard */; };
		B5C1FBF71D108EB200BA9104 /* HomeViewController.swift in Sources */ = {isa = PBXBuildFile; fileRef = B5C1FBF61D108EB200BA9104 /* HomeViewController.swift */; };
		B5C1FBF91D108EC300BA9104 /* ProfileViewController.swift in Sources */ = {isa = PBXBuildFile; fileRef = B5C1FBF81D108EC300BA9104 /* ProfileViewController.swift */; };
		B5CEF7FB1D0E32D800A776C2 /* SignUpTableViewController.swift in Sources */ = {isa = PBXBuildFile; fileRef = B5CEF7FA1D0E32D800A776C2 /* SignUpTableViewController.swift */; };
		B5E36C511D414B7600C70C29 /* Follow.storyboard in Resources */ = {isa = PBXBuildFile; fileRef = B5E36C4F1D414B7600C70C29 /* Follow.storyboard */; };
		B5E36C531D414CF200C70C29 /* FollowTableViewController.swift in Sources */ = {isa = PBXBuildFile; fileRef = B5E36C521D414CF200C70C29 /* FollowTableViewController.swift */; };
		B5E36C551D41BA9900C70C29 /* FollowRouteViewController.swift in Sources */ = {isa = PBXBuildFile; fileRef = B5E36C541D41BA9900C70C29 /* FollowRouteViewController.swift */; };
		B5EA15A31D21E854004CC7E8 /* LinkAccountsViewController.swift in Sources */ = {isa = PBXBuildFile; fileRef = B5EA15A21D21E854004CC7E8 /* LinkAccountsViewController.swift */; };
		F2D11BDFF37F527B40E51A3C /* Pods_SokolTests.framework in Frameworks */ = {isa = PBXBuildFile; fileRef = C4A84B916E6F8FD527142610 /* Pods_SokolTests.framework */; };
/* End PBXBuildFile section */

/* Begin PBXContainerItemProxy section */
		B57714FD1D0272470020E856 /* PBXContainerItemProxy */ = {
			isa = PBXContainerItemProxy;
			containerPortal = B57714E01D0272470020E856 /* Project object */;
			proxyType = 1;
			remoteGlobalIDString = B57714E71D0272470020E856;
			remoteInfo = Sokol;
		};
/* End PBXContainerItemProxy section */

/* Begin PBXFileReference section */
		61A6DAD07A3A6E2102BF124B /* Pods-Sokol.release.xcconfig */ = {isa = PBXFileReference; includeInIndex = 1; lastKnownFileType = text.xcconfig; name = "Pods-Sokol.release.xcconfig"; path = "Pods/Target Support Files/Pods-Sokol/Pods-Sokol.release.xcconfig"; sourceTree = "<group>"; };
		7825C63399156668CC733094 /* Pods_Sokol.framework */ = {isa = PBXFileReference; explicitFileType = wrapper.framework; includeInIndex = 0; path = Pods_Sokol.framework; sourceTree = BUILT_PRODUCTS_DIR; };
		9EBE485B385957B9A757473D /* Pods-SokolTests.release.xcconfig */ = {isa = PBXFileReference; includeInIndex = 1; lastKnownFileType = text.xcconfig; name = "Pods-SokolTests.release.xcconfig"; path = "Pods/Target Support Files/Pods-SokolTests/Pods-SokolTests.release.xcconfig"; sourceTree = "<group>"; };
		B52A675B1D10CA3A0062980F /* ProfileTableViewCell.swift */ = {isa = PBXFileReference; fileEncoding = 4; lastKnownFileType = sourcecode.swift; path = ProfileTableViewCell.swift; sourceTree = "<group>"; };
		B52A675D1D10EC1C0062980F /* ProfileImageTableViewCell.swift */ = {isa = PBXFileReference; fileEncoding = 4; lastKnownFileType = sourcecode.swift; path = ProfileImageTableViewCell.swift; sourceTree = "<group>"; };
		B56A73F71D0B908F00DF1F9B /* FBSDKCoreKit.framework */ = {isa = PBXFileReference; lastKnownFileType = wrapper.framework; path = FBSDKCoreKit.framework; sourceTree = "<group>"; };
		B56A73F81D0B908F00DF1F9B /* FBSDKLoginKit.framework */ = {isa = PBXFileReference; lastKnownFileType = wrapper.framework; path = FBSDKLoginKit.framework; sourceTree = "<group>"; };
		B56A73F91D0B908F00DF1F9B /* FBSDKShareKit.framework */ = {isa = PBXFileReference; lastKnownFileType = wrapper.framework; path = FBSDKShareKit.framework; sourceTree = "<group>"; };
		B56A74071D0B954000DF1F9B /* Sokol-Bridging-Header.h */ = {isa = PBXFileReference; lastKnownFileType = sourcecode.c.h; path = "Sokol-Bridging-Header.h"; sourceTree = "<group>"; };
		B56A74081D0B954000DF1F9B /* SokolTests-Bridging-Header.h */ = {isa = PBXFileReference; lastKnownFileType = sourcecode.c.h; path = "SokolTests-Bridging-Header.h"; sourceTree = "<group>"; };
		B56DF7961D1B2123002DB22A /* TwitterThoughtsTableViewController.swift */ = {isa = PBXFileReference; fileEncoding = 4; lastKnownFileType = sourcecode.swift; path = TwitterThoughtsTableViewController.swift; sourceTree = "<group>"; };
		B57714E81D0272470020E856 /* Sokol.app */ = {isa = PBXFileReference; explicitFileType = wrapper.application; includeInIndex = 0; path = Sokol.app; sourceTree = BUILT_PRODUCTS_DIR; };
		B57714EB1D0272470020E856 /* AppDelegate.swift */ = {isa = PBXFileReference; lastKnownFileType = sourcecode.swift; path = AppDelegate.swift; sourceTree = "<group>"; };
		B57714ED1D0272470020E856 /* ViewController.swift */ = {isa = PBXFileReference; lastKnownFileType = sourcecode.swift; path = ViewController.swift; sourceTree = "<group>"; };
		B57714F01D0272470020E856 /* Base */ = {isa = PBXFileReference; lastKnownFileType = file.storyboard; name = Base; path = Base.lproj/Main.storyboard; sourceTree = "<group>"; };
		B57714F21D0272470020E856 /* Assets.xcassets */ = {isa = PBXFileReference; lastKnownFileType = folder.assetcatalog; path = Assets.xcassets; sourceTree = "<group>"; };
		B57714F51D0272470020E856 /* Base */ = {isa = PBXFileReference; lastKnownFileType = file.storyboard; name = Base; path = Base.lproj/LaunchScreen.storyboard; sourceTree = "<group>"; };
		B57714F71D0272470020E856 /* Info.plist */ = {isa = PBXFileReference; lastKnownFileType = text.plist.xml; path = Info.plist; sourceTree = "<group>"; };
		B57714FC1D0272470020E856 /* SokolTests.xctest */ = {isa = PBXFileReference; explicitFileType = wrapper.cfbundle; includeInIndex = 0; path = SokolTests.xctest; sourceTree = BUILT_PRODUCTS_DIR; };
		B57715001D0272470020E856 /* SokolTests.swift */ = {isa = PBXFileReference; lastKnownFileType = sourcecode.swift; path = SokolTests.swift; sourceTree = "<group>"; };
		B57715021D0272470020E856 /* Info.plist */ = {isa = PBXFileReference; lastKnownFileType = text.plist.xml; path = Info.plist; sourceTree = "<group>"; };
		B577CF2F1D332E70004FA827 /* RouteModifierViewController.swift */ = {isa = PBXFileReference; fileEncoding = 4; lastKnownFileType = sourcecode.swift; path = RouteModifierViewController.swift; sourceTree = "<group>"; };
		B58E4E3B1D1376DC00D5527A /* ContainerViewController.swift */ = {isa = PBXFileReference; fileEncoding = 4; lastKnownFileType = sourcecode.swift; path = ContainerViewController.swift; sourceTree = "<group>"; };
		B58E4E3D1D13799800D5527A /* LeftMenuTableViewController.swift */ = {isa = PBXFileReference; fileEncoding = 4; lastKnownFileType = sourcecode.swift; path = LeftMenuTableViewController.swift; sourceTree = "<group>"; };
		B58E4E3F1D13B13B00D5527A /* LeftMenuTableViewCell.swift */ = {isa = PBXFileReference; fileEncoding = 4; lastKnownFileType = sourcecode.swift; path = LeftMenuTableViewCell.swift; sourceTree = "<group>"; };
		B5A3C6ED1D297BC3009DBF2E /* MapKit.framework */ = {isa = PBXFileReference; lastKnownFileType = wrapper.framework; name = MapKit.framework; path = System/Library/Frameworks/MapKit.framework; sourceTree = SDKROOT; };
		B5A3C6EF1D297E90009DBF2E /* RouteCreatorViewController.swift */ = {isa = PBXFileReference; fileEncoding = 4; lastKnownFileType = sourcecode.swift; path = RouteCreatorViewController.swift; sourceTree = "<group>"; };
		B5A3C6F11D29BCBD009DBF2E /* SokolAnnotation.swift */ = {isa = PBXFileReference; fileEncoding = 4; lastKnownFileType = sourcecode.swift; path = SokolAnnotation.swift; sourceTree = "<group>"; };
		B5A3C6F31D2AD6D3009DBF2E /* RouteTableViewCell.swift */ = {isa = PBXFileReference; fileEncoding = 4; lastKnownFileType = sourcecode.swift; path = RouteTableViewCell.swift; sourceTree = "<group>"; };
		B5A3C6F51D2ADDA7009DBF2E /* Route.swift */ = {isa = PBXFileReference; fileEncoding = 4; lastKnownFileType = sourcecode.swift; path = Route.swift; sourceTree = "<group>"; };
		B5A3C6F71D2B4499009DBF2E /* HeaderTableViewCell.swift */ = {isa = PBXFileReference; fileEncoding = 4; lastKnownFileType = sourcecode.swift; path = HeaderTableViewCell.swift; sourceTree = "<group>"; };
		B5A3C6F91D2B44B9009DBF2E /* PointTableViewCell.swift */ = {isa = PBXFileReference; fileEncoding = 4; lastKnownFileType = sourcecode.swift; path = PointTableViewCell.swift; sourceTree = "<group>"; };
		B5A3C6FB1D2B4730009DBF2E /* DetailRouteTableViewController.swift */ = {isa = PBXFileReference; fileEncoding = 4; lastKnownFileType = sourcecode.swift; path = DetailRouteTableViewController.swift; sourceTree = "<group>"; };
		B5B9F8B91D1E1B110055287C /* FacebookFriendsCollectionViewController.swift */ = {isa = PBXFileReference; fileEncoding = 4; lastKnownFileType = sourcecode.swift; path = FacebookFriendsCollectionViewController.swift; sourceTree = "<group>"; };
		B5B9F8BB1D1E1B710055287C /* FacebookFriendsCollectionViewCell.swift */ = {isa = PBXFileReference; fileEncoding = 4; lastKnownFileType = sourcecode.swift; path = FacebookFriendsCollectionViewCell.swift; sourceTree = "<group>"; };
		B5B9F8BD1D1E343F0055287C /* FacebookCellViewController.swift */ = {isa = PBXFileReference; fileEncoding = 4; lastKnownFileType = sourcecode.swift; path = FacebookCellViewController.swift; sourceTree = "<group>"; };
		B5C06F5C1D19A0FF0090AAE9 /* GoogleService-Info.plist */ = {isa = PBXFileReference; fileEncoding = 4; lastKnownFileType = text.plist.xml; path = "GoogleService-Info.plist"; sourceTree = "<group>"; };
		B5C1FBEF1D10557500BA9104 /* Utilities.swift */ = {isa = PBXFileReference; fileEncoding = 4; lastKnownFileType = sourcecode.swift; path = Utilities.swift; sourceTree = "<group>"; };
		B5C1FBF11D1069AA00BA9104 /* Constants.swift */ = {isa = PBXFileReference; fileEncoding = 4; lastKnownFileType = sourcecode.swift; path = Constants.swift; sourceTree = "<group>"; };
		B5C1FBF41D1082F600BA9104 /* Base */ = {isa = PBXFileReference; lastKnownFileType = file.storyboard; name = Base; path = Base.lproj/Home.storyboard; sourceTree = "<group>"; };
		B5C1FBF61D108EB200BA9104 /* HomeViewController.swift */ = {isa = PBXFileReference; fileEncoding = 4; lastKnownFileType = sourcecode.swift; path = HomeViewController.swift; sourceTree = "<group>"; };
		B5C1FBF81D108EC300BA9104 /* ProfileViewController.swift */ = {isa = PBXFileReference; fileEncoding = 4; lastKnownFileType = sourcecode.swift; path = ProfileViewController.swift; sourceTree = "<group>"; };
		B5CEF7FA1D0E32D800A776C2 /* SignUpTableViewController.swift */ = {isa = PBXFileReference; fileEncoding = 4; lastKnownFileType = sourcecode.swift; path = SignUpTableViewController.swift; sourceTree = "<group>"; };
		B5E36C501D414B7600C70C29 /* Base */ = {isa = PBXFileReference; lastKnownFileType = file.storyboard; name = Base; path = Base.lproj/Follow.storyboard; sourceTree = "<group>"; };
		B5E36C521D414CF200C70C29 /* FollowTableViewController.swift */ = {isa = PBXFileReference; fileEncoding = 4; lastKnownFileType = sourcecode.swift; path = FollowTableViewController.swift; sourceTree = "<group>"; };
		B5E36C541D41BA9900C70C29 /* FollowRouteViewController.swift */ = {isa = PBXFileReference; fileEncoding = 4; lastKnownFileType = sourcecode.swift; path = FollowRouteViewController.swift; sourceTree = "<group>"; };
		B5EA15A21D21E854004CC7E8 /* LinkAccountsViewController.swift */ = {isa = PBXFileReference; fileEncoding = 4; lastKnownFileType = sourcecode.swift; path = LinkAccountsViewController.swift; sourceTree = "<group>"; };
		C4A84B916E6F8FD527142610 /* Pods_SokolTests.framework */ = {isa = PBXFileReference; explicitFileType = wrapper.framework; includeInIndex = 0; path = Pods_SokolTests.framework; sourceTree = BUILT_PRODUCTS_DIR; };
		D6F091C12DA211C4C70E4657 /* Pods-Sokol.debug.xcconfig */ = {isa = PBXFileReference; includeInIndex = 1; lastKnownFileType = text.xcconfig; name = "Pods-Sokol.debug.xcconfig"; path = "Pods/Target Support Files/Pods-Sokol/Pods-Sokol.debug.xcconfig"; sourceTree = "<group>"; };
		D9816A472096093A3FD45336 /* Pods-SokolTests.debug.xcconfig */ = {isa = PBXFileReference; includeInIndex = 1; lastKnownFileType = text.xcconfig; name = "Pods-SokolTests.debug.xcconfig"; path = "Pods/Target Support Files/Pods-SokolTests/Pods-SokolTests.debug.xcconfig"; sourceTree = "<group>"; };
/* End PBXFileReference section */

/* Begin PBXFrameworksBuildPhase section */
		B57714E51D0272470020E856 /* Frameworks */ = {
			isa = PBXFrameworksBuildPhase;
			buildActionMask = 2147483647;
			files = (
				B56A73FA1D0B908F00DF1F9B /* FBSDKCoreKit.framework in Frameworks */,
				B56A73FE1D0B908F00DF1F9B /* FBSDKShareKit.framework in Frameworks */,
				B5A3C6EE1D297BC3009DBF2E /* MapKit.framework in Frameworks */,
				B56A73FC1D0B908F00DF1F9B /* FBSDKLoginKit.framework in Frameworks */,
				9BD5A8C46E58A900A559B527 /* Pods_Sokol.framework in Frameworks */,
			);
			runOnlyForDeploymentPostprocessing = 0;
		};
		B57714F91D0272470020E856 /* Frameworks */ = {
			isa = PBXFrameworksBuildPhase;
			buildActionMask = 2147483647;
			files = (
				B56A73FB1D0B908F00DF1F9B /* FBSDKCoreKit.framework in Frameworks */,
				B56A73FF1D0B908F00DF1F9B /* FBSDKShareKit.framework in Frameworks */,
				B56A73FD1D0B908F00DF1F9B /* FBSDKLoginKit.framework in Frameworks */,
				F2D11BDFF37F527B40E51A3C /* Pods_SokolTests.framework in Frameworks */,
			);
			runOnlyForDeploymentPostprocessing = 0;
		};
/* End PBXFrameworksBuildPhase section */

/* Begin PBXGroup section */
		8F09BDAA4A07F15367EDD0BD /* Frameworks */ = {
			isa = PBXGroup;
			children = (
				B5A3C6ED1D297BC3009DBF2E /* MapKit.framework */,
				7825C63399156668CC733094 /* Pods_Sokol.framework */,
				C4A84B916E6F8FD527142610 /* Pods_SokolTests.framework */,
			);
			name = Frameworks;
			sourceTree = "<group>";
		};
		B57714DF1D0272470020E856 = {
			isa = PBXGroup;
			children = (
				B56A73F71D0B908F00DF1F9B /* FBSDKCoreKit.framework */,
				B56A73F81D0B908F00DF1F9B /* FBSDKLoginKit.framework */,
				B56A73F91D0B908F00DF1F9B /* FBSDKShareKit.framework */,
				B57714EA1D0272470020E856 /* Sokol */,
				B57714FF1D0272470020E856 /* SokolTests */,
				B57714E91D0272470020E856 /* Products */,
				B6D1E2871E371D8265A03C92 /* Pods */,
				8F09BDAA4A07F15367EDD0BD /* Frameworks */,
			);
			sourceTree = "<group>";
		};
		B57714E91D0272470020E856 /* Products */ = {
			isa = PBXGroup;
			children = (
				B57714E81D0272470020E856 /* Sokol.app */,
				B57714FC1D0272470020E856 /* SokolTests.xctest */,
			);
			name = Products;
			sourceTree = "<group>";
		};
		B57714EA1D0272470020E856 /* Sokol */ = {
			isa = PBXGroup;
			children = (
				B57714EB1D0272470020E856 /* AppDelegate.swift */,
				B57714ED1D0272470020E856 /* ViewController.swift */,
				B57714EF1D0272470020E856 /* Main.storyboard */,
				B5C1FBF31D1082F600BA9104 /* Home.storyboard */,
				B5E36C4F1D414B7600C70C29 /* Follow.storyboard */,
				B57714F21D0272470020E856 /* Assets.xcassets */,
				B57714F41D0272470020E856 /* LaunchScreen.storyboard */,
				B57714F71D0272470020E856 /* Info.plist */,
				B5C06F5C1D19A0FF0090AAE9 /* GoogleService-Info.plist */,
				B56A74071D0B954000DF1F9B /* Sokol-Bridging-Header.h */,
				B56A74081D0B954000DF1F9B /* SokolTests-Bridging-Header.h */,
				B5CEF7FA1D0E32D800A776C2 /* SignUpTableViewController.swift */,
				B5C1FBEF1D10557500BA9104 /* Utilities.swift */,
				B5C1FBF11D1069AA00BA9104 /* Constants.swift */,
				B5C1FBF61D108EB200BA9104 /* HomeViewController.swift */,
				B5C1FBF81D108EC300BA9104 /* ProfileViewController.swift */,
				B52A675B1D10CA3A0062980F /* ProfileTableViewCell.swift */,
				B52A675D1D10EC1C0062980F /* ProfileImageTableViewCell.swift */,
				B58E4E3B1D1376DC00D5527A /* ContainerViewController.swift */,
				B58E4E3D1D13799800D5527A /* LeftMenuTableViewController.swift */,
				B58E4E3F1D13B13B00D5527A /* LeftMenuTableViewCell.swift */,
				B56DF7961D1B2123002DB22A /* TwitterThoughtsTableViewController.swift */,
				B5B9F8B91D1E1B110055287C /* FacebookFriendsCollectionViewController.swift */,
				B5B9F8BB1D1E1B710055287C /* FacebookFriendsCollectionViewCell.swift */,
				B5B9F8BD1D1E343F0055287C /* FacebookCellViewController.swift */,
				B5EA15A21D21E854004CC7E8 /* LinkAccountsViewController.swift */,
				B5A3C6EF1D297E90009DBF2E /* RouteCreatorViewController.swift */,
				B5A3C6F11D29BCBD009DBF2E /* SokolAnnotation.swift */,
				B5A3C6F31D2AD6D3009DBF2E /* RouteTableViewCell.swift */,
				B5A3C6F51D2ADDA7009DBF2E /* Route.swift */,
				B5A3C6F71D2B4499009DBF2E /* HeaderTableViewCell.swift */,
				B5A3C6F91D2B44B9009DBF2E /* PointTableViewCell.swift */,
				B5A3C6FB1D2B4730009DBF2E /* DetailRouteTableViewController.swift */,
				B577CF2F1D332E70004FA827 /* RouteModifierViewController.swift */,
				B5E36C521D414CF200C70C29 /* FollowTableViewController.swift */,
				B5E36C541D41BA9900C70C29 /* FollowRouteViewController.swift */,
			);
			path = Sokol;
			sourceTree = "<group>";
		};
		B57714FF1D0272470020E856 /* SokolTests */ = {
			isa = PBXGroup;
			children = (
				B57715001D0272470020E856 /* SokolTests.swift */,
				B57715021D0272470020E856 /* Info.plist */,
			);
			path = SokolTests;
			sourceTree = "<group>";
		};
		B6D1E2871E371D8265A03C92 /* Pods */ = {
			isa = PBXGroup;
			children = (
				D6F091C12DA211C4C70E4657 /* Pods-Sokol.debug.xcconfig */,
				61A6DAD07A3A6E2102BF124B /* Pods-Sokol.release.xcconfig */,
				D9816A472096093A3FD45336 /* Pods-SokolTests.debug.xcconfig */,
				9EBE485B385957B9A757473D /* Pods-SokolTests.release.xcconfig */,
			);
			name = Pods;
			sourceTree = "<group>";
		};
/* End PBXGroup section */

/* Begin PBXNativeTarget section */
		B57714E71D0272470020E856 /* Sokol */ = {
			isa = PBXNativeTarget;
			buildConfigurationList = B57715051D0272470020E856 /* Build configuration list for PBXNativeTarget "Sokol" */;
			buildPhases = (
				A38AB0BD4CFC57AC9BA9D4FF /* [CP] Check Pods Manifest.lock */,
				B57714E41D0272470020E856 /* Sources */,
				B57714E51D0272470020E856 /* Frameworks */,
				B57714E61D0272470020E856 /* Resources */,
				25A035C1A5435351B050A64C /* [CP] Embed Pods Frameworks */,
				45275DD880D907C4CACD6363 /* [CP] Copy Pods Resources */,
				B55482461D19D3250035AD21 /* ShellScript */,
			);
			buildRules = (
			);
			dependencies = (
			);
			name = Sokol;
			productName = Sokol;
			productReference = B57714E81D0272470020E856 /* Sokol.app */;
			productType = "com.apple.product-type.application";
		};
		B57714FB1D0272470020E856 /* SokolTests */ = {
			isa = PBXNativeTarget;
			buildConfigurationList = B57715081D0272470020E856 /* Build configuration list for PBXNativeTarget "SokolTests" */;
			buildPhases = (
				57267E00FDF99D4F7BAE0198 /* [CP] Check Pods Manifest.lock */,
				B57714F81D0272470020E856 /* Sources */,
				B57714F91D0272470020E856 /* Frameworks */,
				B57714FA1D0272470020E856 /* Resources */,
				4857F8E7ABB5BD4F10F3568D /* [CP] Embed Pods Frameworks */,
				9F16924948510F4FD6EFEE5A /* [CP] Copy Pods Resources */,
			);
			buildRules = (
			);
			dependencies = (
				B57714FE1D0272470020E856 /* PBXTargetDependency */,
			);
			name = SokolTests;
			productName = SokolTests;
			productReference = B57714FC1D0272470020E856 /* SokolTests.xctest */;
			productType = "com.apple.product-type.bundle.unit-test";
		};
/* End PBXNativeTarget section */

/* Begin PBXProject section */
		B57714E01D0272470020E856 /* Project object */ = {
			isa = PBXProject;
			attributes = {
				KnownAssetTags = (
					sokol,
				);
				LastSwiftUpdateCheck = 0730;
				LastUpgradeCheck = 0730;
				ORGANIZATIONNAME = "Andres Rene Gutierrez";
				TargetAttributes = {
					B57714E71D0272470020E856 = {
						CreatedOnToolsVersion = 7.3.1;
						DevelopmentTeam = 496CMHX85U;
						SystemCapabilities = {
							com.apple.BackgroundModes = {
								enabled = 1;
							};
							com.apple.Maps.iOS = {
								enabled = 1;
							};
						};
					};
					B57714FB1D0272470020E856 = {
						CreatedOnToolsVersion = 7.3.1;
						DevelopmentTeam = 496CMHX85U;
						TestTargetID = B57714E71D0272470020E856;
					};
				};
			};
			buildConfigurationList = B57714E31D0272470020E856 /* Build configuration list for PBXProject "Sokol" */;
			compatibilityVersion = "Xcode 3.2";
			developmentRegion = English;
			hasScannedForEncodings = 0;
			knownRegions = (
				en,
				Base,
			);
			mainGroup = B57714DF1D0272470020E856;
			productRefGroup = B57714E91D0272470020E856 /* Products */;
			projectDirPath = "";
			projectRoot = "";
			targets = (
				B57714E71D0272470020E856 /* Sokol */,
				B57714FB1D0272470020E856 /* SokolTests */,
			);
		};
/* End PBXProject section */

/* Begin PBXResourcesBuildPhase section */
		B57714E61D0272470020E856 /* Resources */ = {
			isa = PBXResourcesBuildPhase;
			buildActionMask = 2147483647;
			files = (
				B57714F61D0272470020E856 /* LaunchScreen.storyboard in Resources */,
				B57714F31D0272470020E856 /* Assets.xcassets in Resources */,
				B5C06F5D1D19A0FF0090AAE9 /* GoogleService-Info.plist in Resources */,
				B57714F11D0272470020E856 /* Main.storyboard in Resources */,
				B5C1FBF51D1082F600BA9104 /* Home.storyboard in Resources */,
				B5E36C511D414B7600C70C29 /* Follow.storyboard in Resources */,
			);
			runOnlyForDeploymentPostprocessing = 0;
		};
		B57714FA1D0272470020E856 /* Resources */ = {
			isa = PBXResourcesBuildPhase;
			buildActionMask = 2147483647;
			files = (
			);
			runOnlyForDeploymentPostprocessing = 0;
		};
/* End PBXResourcesBuildPhase section */

/* Begin PBXShellScriptBuildPhase section */
		25A035C1A5435351B050A64C /* [CP] Embed Pods Frameworks */ = {
			isa = PBXShellScriptBuildPhase;
			buildActionMask = 2147483647;
			files = (
			);
			inputPaths = (
			);
			name = "[CP] Embed Pods Frameworks";
			outputPaths = (
			);
			runOnlyForDeploymentPostprocessing = 0;
			shellPath = /bin/sh;
			shellScript = "\"${SRCROOT}/Pods/Target Support Files/Pods-Sokol/Pods-Sokol-frameworks.sh\"\n";
			showEnvVarsInLog = 0;
		};
		45275DD880D907C4CACD6363 /* [CP] Copy Pods Resources */ = {
			isa = PBXShellScriptBuildPhase;
			buildActionMask = 2147483647;
			files = (
			);
			inputPaths = (
			);
			name = "[CP] Copy Pods Resources";
			outputPaths = (
			);
			runOnlyForDeploymentPostprocessing = 0;
			shellPath = /bin/sh;
			shellScript = "\"${SRCROOT}/Pods/Target Support Files/Pods-Sokol/Pods-Sokol-resources.sh\"\n";
			showEnvVarsInLog = 0;
		};
		4857F8E7ABB5BD4F10F3568D /* [CP] Embed Pods Frameworks */ = {
			isa = PBXShellScriptBuildPhase;
			buildActionMask = 2147483647;
			files = (
			);
			inputPaths = (
			);
			name = "[CP] Embed Pods Frameworks";
			outputPaths = (
			);
			runOnlyForDeploymentPostprocessing = 0;
			shellPath = /bin/sh;
			shellScript = "\"${SRCROOT}/Pods/Target Support Files/Pods-SokolTests/Pods-SokolTests-frameworks.sh\"\n";
			showEnvVarsInLog = 0;
		};
		57267E00FDF99D4F7BAE0198 /* [CP] Check Pods Manifest.lock */ = {
			isa = PBXShellScriptBuildPhase;
			buildActionMask = 2147483647;
			files = (
			);
			inputPaths = (
			);
			name = "[CP] Check Pods Manifest.lock";
			outputPaths = (
			);
			runOnlyForDeploymentPostprocessing = 0;
			shellPath = /bin/sh;
			shellScript = "diff \"${PODS_ROOT}/../Podfile.lock\" \"${PODS_ROOT}/Manifest.lock\" > /dev/null\nif [[ $? != 0 ]] ; then\n    cat << EOM\nerror: The sandbox is not in sync with the Podfile.lock. Run 'pod install' or update your CocoaPods installation.\nEOM\n    exit 1\nfi\n";
			showEnvVarsInLog = 0;
		};
		9F16924948510F4FD6EFEE5A /* [CP] Copy Pods Resources */ = {
			isa = PBXShellScriptBuildPhase;
			buildActionMask = 2147483647;
			files = (
			);
			inputPaths = (
			);
			name = "[CP] Copy Pods Resources";
			outputPaths = (
			);
			runOnlyForDeploymentPostprocessing = 0;
			shellPath = /bin/sh;
			shellScript = "\"${SRCROOT}/Pods/Target Support Files/Pods-SokolTests/Pods-SokolTests-resources.sh\"\n";
			showEnvVarsInLog = 0;
		};
		A38AB0BD4CFC57AC9BA9D4FF /* [CP] Check Pods Manifest.lock */ = {
			isa = PBXShellScriptBuildPhase;
			buildActionMask = 2147483647;
			files = (
			);
			inputPaths = (
			);
			name = "[CP] Check Pods Manifest.lock";
			outputPaths = (
			);
			runOnlyForDeploymentPostprocessing = 0;
			shellPath = /bin/sh;
			shellScript = "diff \"${PODS_ROOT}/../Podfile.lock\" \"${PODS_ROOT}/Manifest.lock\" > /dev/null\nif [[ $? != 0 ]] ; then\n    cat << EOM\nerror: The sandbox is not in sync with the Podfile.lock. Run 'pod install' or update your CocoaPods installation.\nEOM\n    exit 1\nfi\n";
			showEnvVarsInLog = 0;
		};
		B55482461D19D3250035AD21 /* ShellScript */ = {
			isa = PBXShellScriptBuildPhase;
			buildActionMask = 2147483647;
			files = (
			);
			inputPaths = (
			);
			outputPaths = (
			);
			runOnlyForDeploymentPostprocessing = 0;
			shellPath = /bin/sh;
			shellScript = "\"${PODS_ROOT}/Fabric/run\" 0075fc3b414c07c8dbdfc8a910be4461016011e5 bb80022a8e32c7d4fe6ef23e8d8f1b2902a25a6737aaac40d3d183f6f3b79756";
		};
/* End PBXShellScriptBuildPhase section */

/* Begin PBXSourcesBuildPhase section */
		B57714E41D0272470020E856 /* Sources */ = {
			isa = PBXSourcesBuildPhase;
			buildActionMask = 2147483647;
			files = (
				B5A3C6FC1D2B4730009DBF2E /* DetailRouteTableViewController.swift in Sources */,
				B57714EE1D0272470020E856 /* ViewController.swift in Sources */,
				B56DF7971D1B2123002DB22A /* TwitterThoughtsTableViewController.swift in Sources */,
				B577CF301D332E70004FA827 /* RouteModifierViewController.swift in Sources */,
				B58E4E401D13B13B00D5527A /* LeftMenuTableViewCell.swift in Sources */,
				B58E4E3C1D1376DC00D5527A /* ContainerViewController.swift in Sources */,
				B57714EC1D0272470020E856 /* AppDelegate.swift in Sources */,
				B5A3C6F41D2AD6D3009DBF2E /* RouteTableViewCell.swift in Sources */,
				B52A675C1D10CA3A0062980F /* ProfileTableViewCell.swift in Sources */,
				B5C1FBF01D10557500BA9104 /* Utilities.swift in Sources */,
				B5B9F8BA1D1E1B110055287C /* FacebookFriendsCollectionViewController.swift in Sources */,
				B5A3C6F21D29BCBD009DBF2E /* SokolAnnotation.swift in Sources */,
				B5E36C531D414CF200C70C29 /* FollowTableViewController.swift in Sources */,
				B5EA15A31D21E854004CC7E8 /* LinkAccountsViewController.swift in Sources */,
				B5CEF7FB1D0E32D800A776C2 /* SignUpTableViewController.swift in Sources */,
				B5A3C6F61D2ADDA7009DBF2E /* Route.swift in Sources */,
				B5B9F8BC1D1E1B710055287C /* FacebookFriendsCollectionViewCell.swift in Sources */,
				B5A3C6FA1D2B44B9009DBF2E /* PointTableViewCell.swift in Sources */,
				B5C1FBF71D108EB200BA9104 /* HomeViewController.swift in Sources */,
				B5C1FBF91D108EC300BA9104 /* ProfileViewController.swift in Sources */,
				B5A3C6F81D2B4499009DBF2E /* HeaderTableViewCell.swift in Sources */,
				B5B9F8BE1D1E343F0055287C /* FacebookCellViewController.swift in Sources */,
				B5C1FBF21D1069AA00BA9104 /* Constants.swift in Sources */,
				B52A675E1D10EC1C0062980F /* ProfileImageTableViewCell.swift in Sources */,
				B5A3C6F01D297E90009DBF2E /* RouteCreatorViewController.swift in Sources */,
				B58E4E3E1D13799800D5527A /* LeftMenuTableViewController.swift in Sources */,
				B5E36C551D41BA9900C70C29 /* FollowRouteViewController.swift in Sources */,
			);
			runOnlyForDeploymentPostprocessing = 0;
		};
		B57714F81D0272470020E856 /* Sources */ = {
			isa = PBXSourcesBuildPhase;
			buildActionMask = 2147483647;
			files = (
				B57715011D0272470020E856 /* SokolTests.swift in Sources */,
			);
			runOnlyForDeploymentPostprocessing = 0;
		};
/* End PBXSourcesBuildPhase section */

/* Begin PBXTargetDependency section */
		B57714FE1D0272470020E856 /* PBXTargetDependency */ = {
			isa = PBXTargetDependency;
			target = B57714E71D0272470020E856 /* Sokol */;
			targetProxy = B57714FD1D0272470020E856 /* PBXContainerItemProxy */;
		};
/* End PBXTargetDependency section */

/* Begin PBXVariantGroup section */
		B57714EF1D0272470020E856 /* Main.storyboard */ = {
			isa = PBXVariantGroup;
			children = (
				B57714F01D0272470020E856 /* Base */,
			);
			name = Main.storyboard;
			sourceTree = "<group>";
		};
		B57714F41D0272470020E856 /* LaunchScreen.storyboard */ = {
			isa = PBXVariantGroup;
			children = (
				B57714F51D0272470020E856 /* Base */,
			);
			name = LaunchScreen.storyboard;
			sourceTree = "<group>";
		};
		B5C1FBF31D1082F600BA9104 /* Home.storyboard */ = {
			isa = PBXVariantGroup;
			children = (
				B5C1FBF41D1082F600BA9104 /* Base */,
			);
			name = Home.storyboard;
			sourceTree = "<group>";
		};
		B5E36C4F1D414B7600C70C29 /* Follow.storyboard */ = {
			isa = PBXVariantGroup;
			children = (
				B5E36C501D414B7600C70C29 /* Base */,
			);
			name = Follow.storyboard;
			sourceTree = "<group>";
		};
/* End PBXVariantGroup section */

/* Begin XCBuildConfiguration section */
		B57715031D0272470020E856 /* Debug */ = {
			isa = XCBuildConfiguration;
			buildSettings = {
				ALWAYS_SEARCH_USER_PATHS = NO;
				CLANG_ANALYZER_NONNULL = YES;
				CLANG_CXX_LANGUAGE_STANDARD = "gnu++0x";
				CLANG_CXX_LIBRARY = "libc++";
				CLANG_ENABLE_MODULES = YES;
				CLANG_ENABLE_OBJC_ARC = YES;
				CLANG_WARN_BOOL_CONVERSION = YES;
				CLANG_WARN_CONSTANT_CONVERSION = YES;
				CLANG_WARN_DIRECT_OBJC_ISA_USAGE = YES_ERROR;
				CLANG_WARN_EMPTY_BODY = YES;
				CLANG_WARN_ENUM_CONVERSION = YES;
				CLANG_WARN_INT_CONVERSION = YES;
				CLANG_WARN_OBJC_ROOT_CLASS = YES_ERROR;
				CLANG_WARN_UNREACHABLE_CODE = YES;
				CLANG_WARN__DUPLICATE_METHOD_MATCH = YES;
				"CODE_SIGN_IDENTITY[sdk=iphoneos*]" = "iPhone Developer";
				COPY_PHASE_STRIP = NO;
				DEBUG_INFORMATION_FORMAT = dwarf;
				ENABLE_STRICT_OBJC_MSGSEND = YES;
				ENABLE_TESTABILITY = YES;
				GCC_C_LANGUAGE_STANDARD = gnu99;
				GCC_DYNAMIC_NO_PIC = NO;
				GCC_NO_COMMON_BLOCKS = YES;
				GCC_OPTIMIZATION_LEVEL = 0;
				GCC_PREPROCESSOR_DEFINITIONS = (
					"DEBUG=1",
					"$(inherited)",
				);
				GCC_WARN_64_TO_32_BIT_CONVERSION = YES;
				GCC_WARN_ABOUT_RETURN_TYPE = YES_ERROR;
				GCC_WARN_UNDECLARED_SELECTOR = YES;
				GCC_WARN_UNINITIALIZED_AUTOS = YES_AGGRESSIVE;
				GCC_WARN_UNUSED_FUNCTION = YES;
				GCC_WARN_UNUSED_VARIABLE = YES;
				IPHONEOS_DEPLOYMENT_TARGET = 9.2;
				MTL_ENABLE_DEBUG_INFO = YES;
				ONLY_ACTIVE_ARCH = YES;
				SDKROOT = iphoneos;
				SWIFT_OPTIMIZATION_LEVEL = "-Onone";
				TARGETED_DEVICE_FAMILY = "1,2";
			};
			name = Debug;
		};
		B57715041D0272470020E856 /* Release */ = {
			isa = XCBuildConfiguration;
			buildSettings = {
				ALWAYS_SEARCH_USER_PATHS = NO;
				CLANG_ANALYZER_NONNULL = YES;
				CLANG_CXX_LANGUAGE_STANDARD = "gnu++0x";
				CLANG_CXX_LIBRARY = "libc++";
				CLANG_ENABLE_MODULES = YES;
				CLANG_ENABLE_OBJC_ARC = YES;
				CLANG_WARN_BOOL_CONVERSION = YES;
				CLANG_WARN_CONSTANT_CONVERSION = YES;
				CLANG_WARN_DIRECT_OBJC_ISA_USAGE = YES_ERROR;
				CLANG_WARN_EMPTY_BODY = YES;
				CLANG_WARN_ENUM_CONVERSION = YES;
				CLANG_WARN_INT_CONVERSION = YES;
				CLANG_WARN_OBJC_ROOT_CLASS = YES_ERROR;
				CLANG_WARN_UNREACHABLE_CODE = YES;
				CLANG_WARN__DUPLICATE_METHOD_MATCH = YES;
				"CODE_SIGN_IDENTITY[sdk=iphoneos*]" = "iPhone Developer";
				COPY_PHASE_STRIP = NO;
				DEBUG_INFORMATION_FORMAT = "dwarf-with-dsym";
				ENABLE_NS_ASSERTIONS = NO;
				ENABLE_STRICT_OBJC_MSGSEND = YES;
				GCC_C_LANGUAGE_STANDARD = gnu99;
				GCC_NO_COMMON_BLOCKS = YES;
				GCC_WARN_64_TO_32_BIT_CONVERSION = YES;
				GCC_WARN_ABOUT_RETURN_TYPE = YES_ERROR;
				GCC_WARN_UNDECLARED_SELECTOR = YES;
				GCC_WARN_UNINITIALIZED_AUTOS = YES_AGGRESSIVE;
				GCC_WARN_UNUSED_FUNCTION = YES;
				GCC_WARN_UNUSED_VARIABLE = YES;
				IPHONEOS_DEPLOYMENT_TARGET = 9.2;
				MTL_ENABLE_DEBUG_INFO = NO;
				SDKROOT = iphoneos;
				TARGETED_DEVICE_FAMILY = "1,2";
				VALIDATE_PRODUCT = YES;
			};
			name = Release;
		};
		B57715061D0272470020E856 /* Debug */ = {
			isa = XCBuildConfiguration;
			baseConfigurationReference = D6F091C12DA211C4C70E4657 /* Pods-Sokol.debug.xcconfig */;
			buildSettings = {
				ASSETCATALOG_COMPILER_APPICON_NAME = AppIcon;
				CLANG_ENABLE_MODULES = YES;
				CODE_SIGN_IDENTITY = "iPhone Developer";
				FRAMEWORK_SEARCH_PATHS = (
					"$(inherited)",
					"$(PROJECT_DIR)",
				);
				INFOPLIST_FILE = Sokol/Info.plist;
				IPHONEOS_DEPLOYMENT_TARGET = 9.2;
				LD_RUNPATH_SEARCH_PATHS = "$(inherited) @executable_path/Frameworks";
				PRODUCT_BUNDLE_IDENTIFIER = co.edu.unal.aguiterrezt.Sokol;
				PRODUCT_NAME = "$(TARGET_NAME)";
				SWIFT_OBJC_BRIDGING_HEADER = "Sokol/Sokol-Bridging-Header.h";
				SWIFT_OPTIMIZATION_LEVEL = "-Onone";
			};
			name = Debug;
		};
		B57715071D0272470020E856 /* Release */ = {
			isa = XCBuildConfiguration;
			baseConfigurationReference = 61A6DAD07A3A6E2102BF124B /* Pods-Sokol.release.xcconfig */;
			buildSettings = {
				ASSETCATALOG_COMPILER_APPICON_NAME = AppIcon;
				CLANG_ENABLE_MODULES = YES;
				CODE_SIGN_IDENTITY = "iPhone Developer";
				FRAMEWORK_SEARCH_PATHS = (
					"$(inherited)",
					"$(PROJECT_DIR)",
				);
				INFOPLIST_FILE = Sokol/Info.plist;
				IPHONEOS_DEPLOYMENT_TARGET = 9.2;
				LD_RUNPATH_SEARCH_PATHS = "$(inherited) @executable_path/Frameworks";
				PRODUCT_BUNDLE_IDENTIFIER = co.edu.unal.aguiterrezt.Sokol;
				PRODUCT_NAME = "$(TARGET_NAME)";
				SWIFT_OBJC_BRIDGING_HEADER = "Sokol/Sokol-Bridging-Header.h";
			};
			name = Release;
		};
		B57715091D0272470020E856 /* Debug */ = {
			isa = XCBuildConfiguration;
			baseConfigurationReference = D9816A472096093A3FD45336 /* Pods-SokolTests.debug.xcconfig */;
			buildSettings = {
				BUNDLE_LOADER = "$(TEST_HOST)";
				CLANG_ENABLE_MODULES = YES;
				FRAMEWORK_SEARCH_PATHS = (
					"$(inherited)",
					"$(PROJECT_DIR)",
				);
				INFOPLIST_FILE = SokolTests/Info.plist;
				LD_RUNPATH_SEARCH_PATHS = "$(inherited) @executable_path/Frameworks @loader_path/Frameworks";
				PRODUCT_BUNDLE_IDENTIFIER = co.edu.unal.aguiterrezt.SokolTests;
				PRODUCT_NAME = "$(TARGET_NAME)";
				SWIFT_OBJC_BRIDGING_HEADER = "Sokol/SokolTests-Bridging-Header.h";
				SWIFT_OPTIMIZATION_LEVEL = "-Onone";
				TEST_HOST = "$(BUILT_PRODUCTS_DIR)/Sokol.app/Sokol";
			};
			name = Debug;
		};
		B577150A1D0272470020E856 /* Release */ = {
			isa = XCBuildConfiguration;
			baseConfigurationReference = 9EBE485B385957B9A757473D /* Pods-SokolTests.release.xcconfig */;
			buildSettings = {
				BUNDLE_LOADER = "$(TEST_HOST)";
				CLANG_ENABLE_MODULES = YES;
				FRAMEWORK_SEARCH_PATHS = (
					"$(inherited)",
					"$(PROJECT_DIR)",
				);
				INFOPLIST_FILE = SokolTests/Info.plist;
				LD_RUNPATH_SEARCH_PATHS = "$(inherited) @executable_path/Frameworks @loader_path/Frameworks";
				PRODUCT_BUNDLE_IDENTIFIER = co.edu.unal.aguiterrezt.SokolTests;
				PRODUCT_NAME = "$(TARGET_NAME)";
				SWIFT_OBJC_BRIDGING_HEADER = "Sokol/SokolTests-Bridging-Header.h";
				TEST_HOST = "$(BUILT_PRODUCTS_DIR)/Sokol.app/Sokol";
			};
			name = Release;
		};
/* End XCBuildConfiguration section */

/* Begin XCConfigurationList section */
		B57714E31D0272470020E856 /* Build configuration list for PBXProject "Sokol" */ = {
			isa = XCConfigurationList;
			buildConfigurations = (
				B57715031D0272470020E856 /* Debug */,
				B57715041D0272470020E856 /* Release */,
			);
			defaultConfigurationIsVisible = 0;
			defaultConfigurationName = Release;
		};
		B57715051D0272470020E856 /* Build configuration list for PBXNativeTarget "Sokol" */ = {
			isa = XCConfigurationList;
			buildConfigurations = (
				B57715061D0272470020E856 /* Debug */,
				B57715071D0272470020E856 /* Release */,
			);
			defaultConfigurationIsVisible = 0;
			defaultConfigurationName = Release;
		};
		B57715081D0272470020E856 /* Build configuration list for PBXNativeTarget "SokolTests" */ = {
			isa = XCConfigurationList;
			buildConfigurations = (
				B57715091D0272470020E856 /* Debug */,
				B577150A1D0272470020E856 /* Release */,
			);
			defaultConfigurationIsVisible = 0;
			defaultConfigurationName = Release;
		};
/* End XCConfigurationList section */
	};
	rootObject = B57714E01D0272470020E856 /* Project object */;
}
