// !$*UTF8*$!
{
	archiveVersion = 1;
	classes = {
	};
	objectVersion = 46;
	objects = {

/* Begin PBXBuildFile section */
		B56A73E61D0B8DEC00DF1F9B /* Firebase.framework in Frameworks */ = {isa = PBXBuildFile; fileRef = B56A73E51D0B8DEC00DF1F9B /* Firebase.framework */; };
		B56A73E71D0B8DEC00DF1F9B /* Firebase.framework in Frameworks */ = {isa = PBXBuildFile; fileRef = B56A73E51D0B8DEC00DF1F9B /* Firebase.framework */; };
		B56A73E91D0B8E1B00DF1F9B /* libicucore.tbd in Frameworks */ = {isa = PBXBuildFile; fileRef = B56A73E81D0B8E1B00DF1F9B /* libicucore.tbd */; };
		B56A73EA1D0B8E2100DF1F9B /* libicucore.tbd in Frameworks */ = {isa = PBXBuildFile; fileRef = B56A73E81D0B8E1B00DF1F9B /* libicucore.tbd */; };
		B56A73EC1D0B8E3400DF1F9B /* libc++.tbd in Frameworks */ = {isa = PBXBuildFile; fileRef = B56A73EB1D0B8E3400DF1F9B /* libc++.tbd */; };
		B56A73ED1D0B8E3B00DF1F9B /* libc++.tbd in Frameworks */ = {isa = PBXBuildFile; fileRef = B56A73EB1D0B8E3400DF1F9B /* libc++.tbd */; };
		B56A73EF1D0B8E4E00DF1F9B /* CFNetwork.framework in Frameworks */ = {isa = PBXBuildFile; fileRef = B56A73EE1D0B8E4E00DF1F9B /* CFNetwork.framework */; };
		B56A73F01D0B8E5400DF1F9B /* CFNetwork.framework in Frameworks */ = {isa = PBXBuildFile; fileRef = B56A73EE1D0B8E4E00DF1F9B /* CFNetwork.framework */; };
		B56A73F21D0B8E6200DF1F9B /* Security.framework in Frameworks */ = {isa = PBXBuildFile; fileRef = B56A73F11D0B8E6200DF1F9B /* Security.framework */; };
		B56A73F31D0B8E6700DF1F9B /* Security.framework in Frameworks */ = {isa = PBXBuildFile; fileRef = B56A73F11D0B8E6200DF1F9B /* Security.framework */; };
		B56A73F51D0B8E7100DF1F9B /* SystemConfiguration.framework in Frameworks */ = {isa = PBXBuildFile; fileRef = B56A73F41D0B8E7100DF1F9B /* SystemConfiguration.framework */; };
		B56A73F61D0B8E7700DF1F9B /* SystemConfiguration.framework in Frameworks */ = {isa = PBXBuildFile; fileRef = B56A73F41D0B8E7100DF1F9B /* SystemConfiguration.framework */; };
		B56A73FA1D0B908F00DF1F9B /* FBSDKCoreKit.framework in Frameworks */ = {isa = PBXBuildFile; fileRef = B56A73F71D0B908F00DF1F9B /* FBSDKCoreKit.framework */; };
		B56A73FB1D0B908F00DF1F9B /* FBSDKCoreKit.framework in Frameworks */ = {isa = PBXBuildFile; fileRef = B56A73F71D0B908F00DF1F9B /* FBSDKCoreKit.framework */; };
		B56A73FC1D0B908F00DF1F9B /* FBSDKLoginKit.framework in Frameworks */ = {isa = PBXBuildFile; fileRef = B56A73F81D0B908F00DF1F9B /* FBSDKLoginKit.framework */; };
		B56A73FD1D0B908F00DF1F9B /* FBSDKLoginKit.framework in Frameworks */ = {isa = PBXBuildFile; fileRef = B56A73F81D0B908F00DF1F9B /* FBSDKLoginKit.framework */; };
		B56A73FE1D0B908F00DF1F9B /* FBSDKShareKit.framework in Frameworks */ = {isa = PBXBuildFile; fileRef = B56A73F91D0B908F00DF1F9B /* FBSDKShareKit.framework */; };
		B56A73FF1D0B908F00DF1F9B /* FBSDKShareKit.framework in Frameworks */ = {isa = PBXBuildFile; fileRef = B56A73F91D0B908F00DF1F9B /* FBSDKShareKit.framework */; };
		B56A74011D0B938700DF1F9B /* Accounts.framework in Frameworks */ = {isa = PBXBuildFile; fileRef = B56A74001D0B938700DF1F9B /* Accounts.framework */; };
		B56A74021D0B938D00DF1F9B /* Accounts.framework in Frameworks */ = {isa = PBXBuildFile; fileRef = B56A74001D0B938700DF1F9B /* Accounts.framework */; };
		B56A74041D0B939400DF1F9B /* Social.framework in Frameworks */ = {isa = PBXBuildFile; fileRef = B56A74031D0B939400DF1F9B /* Social.framework */; };
		B56A74051D0B939A00DF1F9B /* Social.framework in Frameworks */ = {isa = PBXBuildFile; fileRef = B56A74031D0B939400DF1F9B /* Social.framework */; };
		B56A740A1D0B954000DF1F9B /* TwitterAuthHelper.m in Sources */ = {isa = PBXBuildFile; fileRef = B56A74091D0B954000DF1F9B /* TwitterAuthHelper.m */; };
		B56A740B1D0B954000DF1F9B /* TwitterAuthHelper.m in Sources */ = {isa = PBXBuildFile; fileRef = B56A74091D0B954000DF1F9B /* TwitterAuthHelper.m */; };
		B57714EC1D0272470020E856 /* AppDelegate.swift in Sources */ = {isa = PBXBuildFile; fileRef = B57714EB1D0272470020E856 /* AppDelegate.swift */; };
		B57714EE1D0272470020E856 /* ViewController.swift in Sources */ = {isa = PBXBuildFile; fileRef = B57714ED1D0272470020E856 /* ViewController.swift */; };
		B57714F11D0272470020E856 /* Main.storyboard in Resources */ = {isa = PBXBuildFile; fileRef = B57714EF1D0272470020E856 /* Main.storyboard */; };
		B57714F31D0272470020E856 /* Assets.xcassets in Resources */ = {isa = PBXBuildFile; fileRef = B57714F21D0272470020E856 /* Assets.xcassets */; };
		B57714F61D0272470020E856 /* LaunchScreen.storyboard in Resources */ = {isa = PBXBuildFile; fileRef = B57714F41D0272470020E856 /* LaunchScreen.storyboard */; };
		B57715011D0272470020E856 /* SokolTests.swift in Sources */ = {isa = PBXBuildFile; fileRef = B57715001D0272470020E856 /* SokolTests.swift */; };
		B5CEF7FB1D0E32D800A776C2 /* SignUpTableViewController.swift in Sources */ = {isa = PBXBuildFile; fileRef = B5CEF7FA1D0E32D800A776C2 /* SignUpTableViewController.swift */; };
/* End PBXBuildFile section */

/* Begin PBXContainerItemProxy section */
		B57714FD1D0272470020E856 /* PBXContainerItemProxy */ = {
			isa = PBXContainerItemProxy;
			containerPortal = B57714E01D0272470020E856 /* Project object */;
			proxyType = 1;
			remoteGlobalIDString = B57714E71D0272470020E856;
			remoteInfo = Sokol;
		};
/* End PBXContainerItemProxy section */

/* Begin PBXFileReference section */
		B56A73E51D0B8DEC00DF1F9B /* Firebase.framework */ = {isa = PBXFileReference; lastKnownFileType = wrapper.framework; path = Firebase.framework; sourceTree = "<group>"; };
		B56A73E81D0B8E1B00DF1F9B /* libicucore.tbd */ = {isa = PBXFileReference; lastKnownFileType = "sourcecode.text-based-dylib-definition"; name = libicucore.tbd; path = usr/lib/libicucore.tbd; sourceTree = SDKROOT; };
		B56A73EB1D0B8E3400DF1F9B /* libc++.tbd */ = {isa = PBXFileReference; lastKnownFileType = "sourcecode.text-based-dylib-definition"; name = "libc++.tbd"; path = "usr/lib/libc++.tbd"; sourceTree = SDKROOT; };
		B56A73EE1D0B8E4E00DF1F9B /* CFNetwork.framework */ = {isa = PBXFileReference; lastKnownFileType = wrapper.framework; name = CFNetwork.framework; path = System/Library/Frameworks/CFNetwork.framework; sourceTree = SDKROOT; };
		B56A73F11D0B8E6200DF1F9B /* Security.framework */ = {isa = PBXFileReference; lastKnownFileType = wrapper.framework; name = Security.framework; path = System/Library/Frameworks/Security.framework; sourceTree = SDKROOT; };
		B56A73F41D0B8E7100DF1F9B /* SystemConfiguration.framework */ = {isa = PBXFileReference; lastKnownFileType = wrapper.framework; name = SystemConfiguration.framework; path = System/Library/Frameworks/SystemConfiguration.framework; sourceTree = SDKROOT; };
		B56A73F71D0B908F00DF1F9B /* FBSDKCoreKit.framework */ = {isa = PBXFileReference; lastKnownFileType = wrapper.framework; path = FBSDKCoreKit.framework; sourceTree = "<group>"; };
		B56A73F81D0B908F00DF1F9B /* FBSDKLoginKit.framework */ = {isa = PBXFileReference; lastKnownFileType = wrapper.framework; path = FBSDKLoginKit.framework; sourceTree = "<group>"; };
		B56A73F91D0B908F00DF1F9B /* FBSDKShareKit.framework */ = {isa = PBXFileReference; lastKnownFileType = wrapper.framework; path = FBSDKShareKit.framework; sourceTree = "<group>"; };
		B56A74001D0B938700DF1F9B /* Accounts.framework */ = {isa = PBXFileReference; lastKnownFileType = wrapper.framework; name = Accounts.framework; path = System/Library/Frameworks/Accounts.framework; sourceTree = SDKROOT; };
		B56A74031D0B939400DF1F9B /* Social.framework */ = {isa = PBXFileReference; lastKnownFileType = wrapper.framework; name = Social.framework; path = System/Library/Frameworks/Social.framework; sourceTree = SDKROOT; };
		B56A74061D0B950800DF1F9B /* TwitterAuthHelper.h */ = {isa = PBXFileReference; fileEncoding = 4; lastKnownFileType = sourcecode.c.h; path = TwitterAuthHelper.h; sourceTree = "<group>"; };
		B56A74071D0B954000DF1F9B /* Sokol-Bridging-Header.h */ = {isa = PBXFileReference; lastKnownFileType = sourcecode.c.h; path = "Sokol-Bridging-Header.h"; sourceTree = "<group>"; };
		B56A74081D0B954000DF1F9B /* SokolTests-Bridging-Header.h */ = {isa = PBXFileReference; lastKnownFileType = sourcecode.c.h; path = "SokolTests-Bridging-Header.h"; sourceTree = "<group>"; };
		B56A74091D0B954000DF1F9B /* TwitterAuthHelper.m */ = {isa = PBXFileReference; fileEncoding = 4; lastKnownFileType = sourcecode.c.objc; path = TwitterAuthHelper.m; sourceTree = "<group>"; };
		B57714E81D0272470020E856 /* Sokol.app */ = {isa = PBXFileReference; explicitFileType = wrapper.application; includeInIndex = 0; path = Sokol.app; sourceTree = BUILT_PRODUCTS_DIR; };
		B57714EB1D0272470020E856 /* AppDelegate.swift */ = {isa = PBXFileReference; lastKnownFileType = sourcecode.swift; path = AppDelegate.swift; sourceTree = "<group>"; };
		B57714ED1D0272470020E856 /* ViewController.swift */ = {isa = PBXFileReference; lastKnownFileType = sourcecode.swift; path = ViewController.swift; sourceTree = "<group>"; };
		B57714F01D0272470020E856 /* Base */ = {isa = PBXFileReference; lastKnownFileType = file.storyboard; name = Base; path = Base.lproj/Main.storyboard; sourceTree = "<group>"; };
		B57714F21D0272470020E856 /* Assets.xcassets */ = {isa = PBXFileReference; lastKnownFileType = folder.assetcatalog; path = Assets.xcassets; sourceTree = "<group>"; };
		B57714F51D0272470020E856 /* Base */ = {isa = PBXFileReference; lastKnownFileType = file.storyboard; name = Base; path = Base.lproj/LaunchScreen.storyboard; sourceTree = "<group>"; };
		B57714F71D0272470020E856 /* Info.plist */ = {isa = PBXFileReference; lastKnownFileType = text.plist.xml; path = Info.plist; sourceTree = "<group>"; };
		B57714FC1D0272470020E856 /* SokolTests.xctest */ = {isa = PBXFileReference; explicitFileType = wrapper.cfbundle; includeInIndex = 0; path = SokolTests.xctest; sourceTree = BUILT_PRODUCTS_DIR; };
		B57715001D0272470020E856 /* SokolTests.swift */ = {isa = PBXFileReference; lastKnownFileType = sourcecode.swift; path = SokolTests.swift; sourceTree = "<group>"; };
		B57715021D0272470020E856 /* Info.plist */ = {isa = PBXFileReference; lastKnownFileType = text.plist.xml; path = Info.plist; sourceTree = "<group>"; };
		B5CEF7FA1D0E32D800A776C2 /* SignUpTableViewController.swift */ = {isa = PBXFileReference; fileEncoding = 4; lastKnownFileType = sourcecode.swift; path = SignUpTableViewController.swift; sourceTree = "<group>"; };
/* End PBXFileReference section */

/* Begin PBXFrameworksBuildPhase section */
		B57714E51D0272470020E856 /* Frameworks */ = {
			isa = PBXFrameworksBuildPhase;
			buildActionMask = 2147483647;
			files = (
				B56A74051D0B939A00DF1F9B /* Social.framework in Frameworks */,
				B56A74011D0B938700DF1F9B /* Accounts.framework in Frameworks */,
				B56A73F51D0B8E7100DF1F9B /* SystemConfiguration.framework in Frameworks */,
				B56A73F31D0B8E6700DF1F9B /* Security.framework in Frameworks */,
				B56A73EF1D0B8E4E00DF1F9B /* CFNetwork.framework in Frameworks */,
				B56A73ED1D0B8E3B00DF1F9B /* libc++.tbd in Frameworks */,
				B56A73FA1D0B908F00DF1F9B /* FBSDKCoreKit.framework in Frameworks */,
				B56A73FE1D0B908F00DF1F9B /* FBSDKShareKit.framework in Frameworks */,
				B56A73E91D0B8E1B00DF1F9B /* libicucore.tbd in Frameworks */,
				B56A73FC1D0B908F00DF1F9B /* FBSDKLoginKit.framework in Frameworks */,
				B56A73E61D0B8DEC00DF1F9B /* Firebase.framework in Frameworks */,
			);
			runOnlyForDeploymentPostprocessing = 0;
		};
		B57714F91D0272470020E856 /* Frameworks */ = {
			isa = PBXFrameworksBuildPhase;
			buildActionMask = 2147483647;
			files = (
				B56A74041D0B939400DF1F9B /* Social.framework in Frameworks */,
				B56A74021D0B938D00DF1F9B /* Accounts.framework in Frameworks */,
				B56A73F61D0B8E7700DF1F9B /* SystemConfiguration.framework in Frameworks */,
				B56A73F21D0B8E6200DF1F9B /* Security.framework in Frameworks */,
				B56A73F01D0B8E5400DF1F9B /* CFNetwork.framework in Frameworks */,
				B56A73EC1D0B8E3400DF1F9B /* libc++.tbd in Frameworks */,
				B56A73FB1D0B908F00DF1F9B /* FBSDKCoreKit.framework in Frameworks */,
				B56A73FF1D0B908F00DF1F9B /* FBSDKShareKit.framework in Frameworks */,
				B56A73EA1D0B8E2100DF1F9B /* libicucore.tbd in Frameworks */,
				B56A73FD1D0B908F00DF1F9B /* FBSDKLoginKit.framework in Frameworks */,
				B56A73E71D0B8DEC00DF1F9B /* Firebase.framework in Frameworks */,
			);
			runOnlyForDeploymentPostprocessing = 0;
		};
/* End PBXFrameworksBuildPhase section */

/* Begin PBXGroup section */
		B57714DF1D0272470020E856 = {
			isa = PBXGroup;
			children = (
				B56A74031D0B939400DF1F9B /* Social.framework */,
				B56A74001D0B938700DF1F9B /* Accounts.framework */,
				B56A73F41D0B8E7100DF1F9B /* SystemConfiguration.framework */,
				B56A73F11D0B8E6200DF1F9B /* Security.framework */,
				B56A73EE1D0B8E4E00DF1F9B /* CFNetwork.framework */,
				B56A73EB1D0B8E3400DF1F9B /* libc++.tbd */,
				B56A73E81D0B8E1B00DF1F9B /* libicucore.tbd */,
				B56A73F71D0B908F00DF1F9B /* FBSDKCoreKit.framework */,
				B56A73F81D0B908F00DF1F9B /* FBSDKLoginKit.framework */,
				B56A73F91D0B908F00DF1F9B /* FBSDKShareKit.framework */,
				B56A73E51D0B8DEC00DF1F9B /* Firebase.framework */,
				B57714EA1D0272470020E856 /* Sokol */,
				B57714FF1D0272470020E856 /* SokolTests */,
				B57714E91D0272470020E856 /* Products */,
			);
			sourceTree = "<group>";
		};
		B57714E91D0272470020E856 /* Products */ = {
			isa = PBXGroup;
			children = (
				B57714E81D0272470020E856 /* Sokol.app */,
				B57714FC1D0272470020E856 /* SokolTests.xctest */,
			);
			name = Products;
			sourceTree = "<group>";
		};
		B57714EA1D0272470020E856 /* Sokol */ = {
			isa = PBXGroup;
			children = (
				B57714EB1D0272470020E856 /* AppDelegate.swift */,
				B57714ED1D0272470020E856 /* ViewController.swift */,
				B57714EF1D0272470020E856 /* Main.storyboard */,
				B57714F21D0272470020E856 /* Assets.xcassets */,
				B57714F41D0272470020E856 /* LaunchScreen.storyboard */,
				B57714F71D0272470020E856 /* Info.plist */,
				B56A74061D0B950800DF1F9B /* TwitterAuthHelper.h */,
				B56A74091D0B954000DF1F9B /* TwitterAuthHelper.m */,
				B56A74071D0B954000DF1F9B /* Sokol-Bridging-Header.h */,
				B56A74081D0B954000DF1F9B /* SokolTests-Bridging-Header.h */,
				B5CEF7FA1D0E32D800A776C2 /* SignUpTableViewController.swift */,
			);
			path = Sokol;
			sourceTree = "<group>";
		};
		B57714FF1D0272470020E856 /* SokolTests */ = {
			isa = PBXGroup;
			children = (
				B57715001D0272470020E856 /* SokolTests.swift */,
				B57715021D0272470020E856 /* Info.plist */,
			);
			path = SokolTests;
			sourceTree = "<group>";
		};
/* End PBXGroup section */

/* Begin PBXNativeTarget section */
		B57714E71D0272470020E856 /* Sokol */ = {
			isa = PBXNativeTarget;
			buildConfigurationList = B57715051D0272470020E856 /* Build configuration list for PBXNativeTarget "Sokol" */;
			buildPhases = (
				B57714E41D0272470020E856 /* Sources */,
				B57714E51D0272470020E856 /* Frameworks */,
				B57714E61D0272470020E856 /* Resources */,
			);
			buildRules = (
			);
			dependencies = (
			);
			name = Sokol;
			productName = Sokol;
			productReference = B57714E81D0272470020E856 /* Sokol.app */;
			productType = "com.apple.product-type.application";
		};
		B57714FB1D0272470020E856 /* SokolTests */ = {
			isa = PBXNativeTarget;
			buildConfigurationList = B57715081D0272470020E856 /* Build configuration list for PBXNativeTarget "SokolTests" */;
			buildPhases = (
				B57714F81D0272470020E856 /* Sources */,
				B57714F91D0272470020E856 /* Frameworks */,
				B57714FA1D0272470020E856 /* Resources */,
			);
			buildRules = (
			);
			dependencies = (
				B57714FE1D0272470020E856 /* PBXTargetDependency */,
			);
			name = SokolTests;
			productName = SokolTests;
			productReference = B57714FC1D0272470020E856 /* SokolTests.xctest */;
			productType = "com.apple.product-type.bundle.unit-test";
		};
/* End PBXNativeTarget section */

/* Begin PBXProject section */
		B57714E01D0272470020E856 /* Project object */ = {
			isa = PBXProject;
			attributes = {
				KnownAssetTags = (
					sokol,
				);
				LastSwiftUpdateCheck = 0730;
				LastUpgradeCheck = 0730;
				ORGANIZATIONNAME = "Andres Rene Gutierrez";
				TargetAttributes = {
					B57714E71D0272470020E856 = {
						CreatedOnToolsVersion = 7.3.1;
						DevelopmentTeam = 496CMHX85U;
					};
					B57714FB1D0272470020E856 = {
						CreatedOnToolsVersion = 7.3.1;
						DevelopmentTeam = 496CMHX85U;
						TestTargetID = B57714E71D0272470020E856;
					};
				};
			};
			buildConfigurationList = B57714E31D0272470020E856 /* Build configuration list for PBXProject "Sokol" */;
			compatibilityVersion = "Xcode 3.2";
			developmentRegion = English;
			hasScannedForEncodings = 0;
			knownRegions = (
				en,
				Base,
			);
			mainGroup = B57714DF1D0272470020E856;
			productRefGroup = B57714E91D0272470020E856 /* Products */;
			projectDirPath = "";
			projectRoot = "";
			targets = (
				B57714E71D0272470020E856 /* Sokol */,
				B57714FB1D0272470020E856 /* SokolTests */,
			);
		};
/* End PBXProject section */

/* Begin PBXResourcesBuildPhase section */
		B57714E61D0272470020E856 /* Resources */ = {
			isa = PBXResourcesBuildPhase;
			buildActionMask = 2147483647;
			files = (
				B57714F61D0272470020E856 /* LaunchScreen.storyboard in Resources */,
				B57714F31D0272470020E856 /* Assets.xcassets in Resources */,
				B57714F11D0272470020E856 /* Main.storyboard in Resources */,
			);
			runOnlyForDeploymentPostprocessing = 0;
		};
		B57714FA1D0272470020E856 /* Resources */ = {
			isa = PBXResourcesBuildPhase;
			buildActionMask = 2147483647;
			files = (
			);
			runOnlyForDeploymentPostprocessing = 0;
		};
/* End PBXResourcesBuildPhase section */

/* Begin PBXSourcesBuildPhase section */
		B57714E41D0272470020E856 /* Sources */ = {
			isa = PBXSourcesBuildPhase;
			buildActionMask = 2147483647;
			files = (
				B57714EE1D0272470020E856 /* ViewController.swift in Sources */,
				B56A740A1D0B954000DF1F9B /* TwitterAuthHelper.m in Sources */,
				B57714EC1D0272470020E856 /* AppDelegate.swift in Sources */,
				B5CEF7FB1D0E32D800A776C2 /* SignUpTableViewController.swift in Sources */,
			);
			runOnlyForDeploymentPostprocessing = 0;
		};
		B57714F81D0272470020E856 /* Sources */ = {
			isa = PBXSourcesBuildPhase;
			buildActionMask = 2147483647;
			files = (
				B57715011D0272470020E856 /* SokolTests.swift in Sources */,
				B56A740B1D0B954000DF1F9B /* TwitterAuthHelper.m in Sources */,
			);
			runOnlyForDeploymentPostprocessing = 0;
		};
/* End PBXSourcesBuildPhase section */

/* Begin PBXTargetDependency section */
		B57714FE1D0272470020E856 /* PBXTargetDependency */ = {
			isa = PBXTargetDependency;
			target = B57714E71D0272470020E856 /* Sokol */;
			targetProxy = B57714FD1D0272470020E856 /* PBXContainerItemProxy */;
		};
/* End PBXTargetDependency section */

/* Begin PBXVariantGroup section */
		B57714EF1D0272470020E856 /* Main.storyboard */ = {
			isa = PBXVariantGroup;
			children = (
				B57714F01D0272470020E856 /* Base */,
			);
			name = Main.storyboard;
			sourceTree = "<group>";
		};
		B57714F41D0272470020E856 /* LaunchScreen.storyboard */ = {
			isa = PBXVariantGroup;
			children = (
				B57714F51D0272470020E856 /* Base */,
			);
			name = LaunchScreen.storyboard;
			sourceTree = "<group>";
		};
/* End PBXVariantGroup section */

/* Begin XCBuildConfiguration section */
		B57715031D0272470020E856 /* Debug */ = {
			isa = XCBuildConfiguration;
			buildSettings = {
				ALWAYS_SEARCH_USER_PATHS = NO;
				CLANG_ANALYZER_NONNULL = YES;
				CLANG_CXX_LANGUAGE_STANDARD = "gnu++0x";
				CLANG_CXX_LIBRARY = "libc++";
				CLANG_ENABLE_MODULES = YES;
				CLANG_ENABLE_OBJC_ARC = YES;
				CLANG_WARN_BOOL_CONVERSION = YES;
				CLANG_WARN_CONSTANT_CONVERSION = YES;
				CLANG_WARN_DIRECT_OBJC_ISA_USAGE = YES_ERROR;
				CLANG_WARN_EMPTY_BODY = YES;
				CLANG_WARN_ENUM_CONVERSION = YES;
				CLANG_WARN_INT_CONVERSION = YES;
				CLANG_WARN_OBJC_ROOT_CLASS = YES_ERROR;
				CLANG_WARN_UNREACHABLE_CODE = YES;
				CLANG_WARN__DUPLICATE_METHOD_MATCH = YES;
				"CODE_SIGN_IDENTITY[sdk=iphoneos*]" = "iPhone Developer";
				COPY_PHASE_STRIP = NO;
				DEBUG_INFORMATION_FORMAT = dwarf;
				ENABLE_STRICT_OBJC_MSGSEND = YES;
				ENABLE_TESTABILITY = YES;
				GCC_C_LANGUAGE_STANDARD = gnu99;
				GCC_DYNAMIC_NO_PIC = NO;
				GCC_NO_COMMON_BLOCKS = YES;
				GCC_OPTIMIZATION_LEVEL = 0;
				GCC_PREPROCESSOR_DEFINITIONS = (
					"DEBUG=1",
					"$(inherited)",
				);
				GCC_WARN_64_TO_32_BIT_CONVERSION = YES;
				GCC_WARN_ABOUT_RETURN_TYPE = YES_ERROR;
				GCC_WARN_UNDECLARED_SELECTOR = YES;
				GCC_WARN_UNINITIALIZED_AUTOS = YES_AGGRESSIVE;
				GCC_WARN_UNUSED_FUNCTION = YES;
				GCC_WARN_UNUSED_VARIABLE = YES;
				IPHONEOS_DEPLOYMENT_TARGET = 9.2;
				MTL_ENABLE_DEBUG_INFO = YES;
				ONLY_ACTIVE_ARCH = YES;
				SDKROOT = iphoneos;
				SWIFT_OPTIMIZATION_LEVEL = "-Onone";
				TARGETED_DEVICE_FAMILY = "1,2";
			};
			name = Debug;
		};
		B57715041D0272470020E856 /* Release */ = {
			isa = XCBuildConfiguration;
			buildSettings = {
				ALWAYS_SEARCH_USER_PATHS = NO;
				CLANG_ANALYZER_NONNULL = YES;
				CLANG_CXX_LANGUAGE_STANDARD = "gnu++0x";
				CLANG_CXX_LIBRARY = "libc++";
				CLANG_ENABLE_MODULES = YES;
				CLANG_ENABLE_OBJC_ARC = YES;
				CLANG_WARN_BOOL_CONVERSION = YES;
				CLANG_WARN_CONSTANT_CONVERSION = YES;
				CLANG_WARN_DIRECT_OBJC_ISA_USAGE = YES_ERROR;
				CLANG_WARN_EMPTY_BODY = YES;
				CLANG_WARN_ENUM_CONVERSION = YES;
				CLANG_WARN_INT_CONVERSION = YES;
				CLANG_WARN_OBJC_ROOT_CLASS = YES_ERROR;
				CLANG_WARN_UNREACHABLE_CODE = YES;
				CLANG_WARN__DUPLICATE_METHOD_MATCH = YES;
				"CODE_SIGN_IDENTITY[sdk=iphoneos*]" = "iPhone Developer";
				COPY_PHASE_STRIP = NO;
				DEBUG_INFORMATION_FORMAT = "dwarf-with-dsym";
				ENABLE_NS_ASSERTIONS = NO;
				ENABLE_STRICT_OBJC_MSGSEND = YES;
				GCC_C_LANGUAGE_STANDARD = gnu99;
				GCC_NO_COMMON_BLOCKS = YES;
				GCC_WARN_64_TO_32_BIT_CONVERSION = YES;
				GCC_WARN_ABOUT_RETURN_TYPE = YES_ERROR;
				GCC_WARN_UNDECLARED_SELECTOR = YES;
				GCC_WARN_UNINITIALIZED_AUTOS = YES_AGGRESSIVE;
				GCC_WARN_UNUSED_FUNCTION = YES;
				GCC_WARN_UNUSED_VARIABLE = YES;
				IPHONEOS_DEPLOYMENT_TARGET = 9.2;
				MTL_ENABLE_DEBUG_INFO = NO;
				SDKROOT = iphoneos;
				TARGETED_DEVICE_FAMILY = "1,2";
				VALIDATE_PRODUCT = YES;
			};
			name = Release;
		};
		B57715061D0272470020E856 /* Debug */ = {
			isa = XCBuildConfiguration;
			buildSettings = {
				ASSETCATALOG_COMPILER_APPICON_NAME = AppIcon;
				CLANG_ENABLE_MODULES = YES;
				FRAMEWORK_SEARCH_PATHS = (
					"$(inherited)",
					"$(PROJECT_DIR)",
				);
				INFOPLIST_FILE = Sokol/Info.plist;
				IPHONEOS_DEPLOYMENT_TARGET = 9.2;
				LD_RUNPATH_SEARCH_PATHS = "$(inherited) @executable_path/Frameworks";
				PRODUCT_BUNDLE_IDENTIFIER = co.edu.unal.aguiterrezt.Sokol;
				PRODUCT_NAME = "$(TARGET_NAME)";
				SWIFT_OBJC_BRIDGING_HEADER = "Sokol/Sokol-Bridging-Header.h";
				SWIFT_OPTIMIZATION_LEVEL = "-Onone";
			};
			name = Debug;
		};
		B57715071D0272470020E856 /* Release */ = {
			isa = XCBuildConfiguration;
			buildSettings = {
				ASSETCATALOG_COMPILER_APPICON_NAME = AppIcon;
				CLANG_ENABLE_MODULES = YES;
				FRAMEWORK_SEARCH_PATHS = (
					"$(inherited)",
					"$(PROJECT_DIR)",
				);
				INFOPLIST_FILE = Sokol/Info.plist;
				IPHONEOS_DEPLOYMENT_TARGET = 9.2;
				LD_RUNPATH_SEARCH_PATHS = "$(inherited) @executable_path/Frameworks";
				PRODUCT_BUNDLE_IDENTIFIER = co.edu.unal.aguiterrezt.Sokol;
				PRODUCT_NAME = "$(TARGET_NAME)";
				SWIFT_OBJC_BRIDGING_HEADER = "Sokol/Sokol-Bridging-Header.h";
			};
			name = Release;
		};
		B57715091D0272470020E856 /* Debug */ = {
			isa = XCBuildConfiguration;
			buildSettings = {
				BUNDLE_LOADER = "$(TEST_HOST)";
				CLANG_ENABLE_MODULES = YES;
				FRAMEWORK_SEARCH_PATHS = (
					"$(inherited)",
					"$(PROJECT_DIR)",
				);
				INFOPLIST_FILE = SokolTests/Info.plist;
				LD_RUNPATH_SEARCH_PATHS = "$(inherited) @executable_path/Frameworks @loader_path/Frameworks";
				PRODUCT_BUNDLE_IDENTIFIER = co.edu.unal.aguiterrezt.SokolTests;
				PRODUCT_NAME = "$(TARGET_NAME)";
				SWIFT_OBJC_BRIDGING_HEADER = "Sokol/SokolTests-Bridging-Header.h";
				SWIFT_OPTIMIZATION_LEVEL = "-Onone";
				TEST_HOST = "$(BUILT_PRODUCTS_DIR)/Sokol.app/Sokol";
			};
			name = Debug;
		};
		B577150A1D0272470020E856 /* Release */ = {
			isa = XCBuildConfiguration;
			buildSettings = {
				BUNDLE_LOADER = "$(TEST_HOST)";
				CLANG_ENABLE_MODULES = YES;
				FRAMEWORK_SEARCH_PATHS = (
					"$(inherited)",
					"$(PROJECT_DIR)",
				);
				INFOPLIST_FILE = SokolTests/Info.plist;
				LD_RUNPATH_SEARCH_PATHS = "$(inherited) @executable_path/Frameworks @loader_path/Frameworks";
				PRODUCT_BUNDLE_IDENTIFIER = co.edu.unal.aguiterrezt.SokolTests;
				PRODUCT_NAME = "$(TARGET_NAME)";
				SWIFT_OBJC_BRIDGING_HEADER = "Sokol/SokolTests-Bridging-Header.h";
				TEST_HOST = "$(BUILT_PRODUCTS_DIR)/Sokol.app/Sokol";
			};
			name = Release;
		};
/* End XCBuildConfiguration section */

/* Begin XCConfigurationList section */
		B57714E31D0272470020E856 /* Build configuration list for PBXProject "Sokol" */ = {
			isa = XCConfigurationList;
			buildConfigurations = (
				B57715031D0272470020E856 /* Debug */,
				B57715041D0272470020E856 /* Release */,
			);
			defaultConfigurationIsVisible = 0;
			defaultConfigurationName = Release;
		};
		B57715051D0272470020E856 /* Build configuration list for PBXNativeTarget "Sokol" */ = {
			isa = XCConfigurationList;
			buildConfigurations = (
				B57715061D0272470020E856 /* Debug */,
				B57715071D0272470020E856 /* Release */,
			);
			defaultConfigurationIsVisible = 0;
			defaultConfigurationName = Release;
		};
		B57715081D0272470020E856 /* Build configuration list for PBXNativeTarget "SokolTests" */ = {
			isa = XCConfigurationList;
			buildConfigurations = (
				B57715091D0272470020E856 /* Debug */,
				B577150A1D0272470020E856 /* Release */,
			);
			defaultConfigurationIsVisible = 0;
			defaultConfigurationName = Release;
		};
/* End XCConfigurationList section */
	};
	rootObject = B57714E01D0272470020E856 /* Project object */;
}
